
Microsoft Visual Studio Solution File, Format Version 12.00
# Visual Studio Version 16
VisualStudioVersion = 16.0.28803.156
MinimumVisualStudioVersion = 10.0.40219.1
Project("{8BC9CEB8-8B4A-11D0-8D11-00A0C91BC942}") = "Console", "Console\Console.vcxproj", "{B7CD8DA4-D0EE-441E-A64E-BA0E2B327A9C}"
	ProjectSection(ProjectDependencies) = postProject
		{1A99E506-3E29-4AD6-94CE-DA993D2E582F} = {1A99E506-3E29-4AD6-94CE-DA993D2E582F}
		{5D1366A9-793B-47AA-9CD4-22548BC3240E} = {5D1366A9-793B-47AA-9CD4-22548BC3240E}
	EndProjectSection
EndProject
Project("{8BC9CEB8-8B4A-11D0-8D11-00A0C91BC942}") = "ComponentA", "ComponentA\ComponentA.vcxproj", "{1A99E506-3E29-4AD6-94CE-DA993D2E582F}"
EndProject
Project("{8BC9CEB8-8B4A-11D0-8D11-00A0C91BC942}") = "ComponentB", "ComponentB\ComponentB.vcxproj", "{5D1366A9-793B-47AA-9CD4-22548BC3240E}"
EndProject
Global
	GlobalSection(SolutionConfigurationPlatforms) = preSolution
		Debug|ARM = Debug|ARM
		Debug|x64 = Debug|x64
		Debug|x86 = Debug|x86
		Release|ARM = Release|ARM
		Release|x64 = Release|x64
		Release|x86 = Release|x86
	EndGlobalSection
	GlobalSection(ProjectConfigurationPlatforms) = postSolution
		{B7CD8DA4-D0EE-441E-A64E-BA0E2B327A9C}.Debug|ARM.ActiveCfg = Debug|Win32
		{B7CD8DA4-D0EE-441E-A64E-BA0E2B327A9C}.Debug|x64.ActiveCfg = Debug|x64
		{B7CD8DA4-D0EE-441E-A64E-BA0E2B327A9C}.Debug|x64.Build.0 = Debug|x64
		{B7CD8DA4-D0EE-441E-A64E-BA0E2B327A9C}.Debug|x86.ActiveCfg = Debug|Win32
		{B7CD8DA4-D0EE-441E-A64E-BA0E2B327A9C}.Debug|x86.Build.0 = Debug|Win32
		{B7CD8DA4-D0EE-441E-A64E-BA0E2B327A9C}.Release|ARM.ActiveCfg = Release|Win32
		{B7CD8DA4-D0EE-441E-A64E-BA0E2B327A9C}.Release|x64.ActiveCfg = Release|x64
		{B7CD8DA4-D0EE-441E-A64E-BA0E2B327A9C}.Release|x64.Build.0 = Release|x64
		{B7CD8DA4-D0EE-441E-A64E-BA0E2B327A9C}.Release|x86.ActiveCfg = Release|Win32
		{B7CD8DA4-D0EE-441E-A64E-BA0E2B327A9C}.Release|x86.Build.0 = Release|Win32
		{1A99E506-3E29-4AD6-94CE-DA993D2E582F}.Debug|ARM.ActiveCfg = Debug|ARM
		{1A99E506-3E29-4AD6-94CE-DA993D2E582F}.Debug|ARM.Build.0 = Debug|ARM
		{1A99E506-3E29-4AD6-94CE-DA993D2E582F}.Debug|x64.ActiveCfg = Debug|x64
		{1A99E506-3E29-4AD6-94CE-DA993D2E582F}.Debug|x64.Build.0 = Debug|x64
		{1A99E506-3E29-4AD6-94CE-DA993D2E582F}.Debug|x86.ActiveCfg = Debug|Win32
		{1A99E506-3E29-4AD6-94CE-DA993D2E582F}.Debug|x86.Build.0 = Debug|Win32
		{1A99E506-3E29-4AD6-94CE-DA993D2E582F}.Release|ARM.ActiveCfg = Release|ARM
		{1A99E506-3E29-4AD6-94CE-DA993D2E582F}.Release|ARM.Build.0 = Release|ARM
		{1A99E506-3E29-4AD6-94CE-DA993D2E582F}.Release|x64.ActiveCfg = Release|x64
		{1A99E506-3E29-4AD6-94CE-DA993D2E582F}.Release|x64.Build.0 = Release|x64
		{1A99E506-3E29-4AD6-94CE-DA993D2E582F}.Release|x86.ActiveCfg = Release|Win32
		{1A99E506-3E29-4AD6-94CE-DA993D2E582F}.Release|x86.Build.0 = Release|Win32
		{5D1366A9-793B-47AA-9CD4-22548BC3240E}.Debug|ARM.ActiveCfg = Debug|ARM
		{5D1366A9-793B-47AA-9CD4-22548BC3240E}.Debug|ARM.Build.0 = Debug|ARM
		{5D1366A9-793B-47AA-9CD4-22548BC3240E}.Debug|x64.ActiveCfg = Debug|x64
		{5D1366A9-793B-47AA-9CD4-22548BC3240E}.Debug|x64.Build.0 = Debug|x64
		{5D1366A9-793B-47AA-9CD4-22548BC3240E}.Debug|x86.ActiveCfg = Debug|Win32
		{5D1366A9-793B-47AA-9CD4-22548BC3240E}.Debug|x86.Build.0 = Debug|Win32
		{5D1366A9-793B-47AA-9CD4-22548BC3240E}.Release|ARM.ActiveCfg = Release|ARM
		{5D1366A9-793B-47AA-9CD4-22548BC3240E}.Release|ARM.Build.0 = Release|ARM
		{5D1366A9-793B-47AA-9CD4-22548BC3240E}.Release|x64.ActiveCfg = Release|x64
		{5D1366A9-793B-47AA-9CD4-22548BC3240E}.Release|x64.Build.0 = Release|x64
		{5D1366A9-793B-47AA-9CD4-22548BC3240E}.Release|x86.ActiveCfg = Release|Win32
		{5D1366A9-793B-47AA-9CD4-22548BC3240E}.Release|x86.Build.0 = Release|Win32
	EndGlobalSection
	GlobalSection(SolutionProperties) = preSolution
		HideSolutionNode = FALSE
	EndGlobalSection
	GlobalSection(ExtensibilityGlobals) = postSolution
		SolutionGuid = {B8179127-E5C7-454B-A43D-A7C7C33BA3AC}
	EndGlobalSection
EndGlobal
